
Microsoft Visual Studio Solution File, Format Version 12.00
# Visual Studio Version 17
VisualStudioVersion = 17.6.33829.357
MinimumVisualStudioVersion = 10.0.40219.1
Project("{FAE04EC0-301F-11D3-BF4B-00C04F79EFBC}") = "RapidApiCurrency", "RapidApiCurrency\RapidApiCurrency.csproj", "{CEE863E7-54A7-43B4-AD35-0F4F23A28858}"
EndProject
Global
	GlobalSection(SolutionConfigurationPlatforms) = preSolution
		Debug|Any CPU = Debug|Any CPU
		Release|Any CPU = Release|Any CPU
	EndGlobalSection
	GlobalSection(ProjectConfigurationPlatforms) = postSolution
		{CEE863E7-54A7-43B4-AD35-0F4F23A28858}.Debug|Any CPU.ActiveCfg = Debug|Any CPU
		{CEE863E7-54A7-43B4-AD35-0F4F23A28858}.Debug|Any CPU.Build.0 = Debug|Any CPU
		{CEE863E7-54A7-43B4-AD35-0F4F23A28858}.Release|Any CPU.ActiveCfg = Release|Any CPU
		{CEE863E7-54A7-43B4-AD35-0F4F23A28858}.Release|Any CPU.Build.0 = Release|Any CPU
	EndGlobalSection
	GlobalSection(SolutionProperties) = preSolution
		HideSolutionNode = FALSE
	EndGlobalSection
	GlobalSection(ExtensibilityGlobals) = postSolution
		SolutionGuid = {9F9EA62B-8EE4-4EF4-85D8-64006788537C}
	EndGlobalSection
EndGlobal
